
Microsoft Visual Studio Solution File, Format Version 12.00
# Visual Studio Version 17
VisualStudioVersion = 17.6.33815.320
MinimumVisualStudioVersion = 10.0.40219.1
Project("{FAE04EC0-301F-11D3-BF4B-00C04F79EFBC}") = "FinalAssessment", "FinalAssessment\FinalAssessment.csproj", "{767A838E-3DA6-416A-9057-893FBC030ED4}"
EndProject
Project("{FAE04EC0-301F-11D3-BF4B-00C04F79EFBC}") = "FinalAssessmentAPI", "FinalAssessmentAPI\FinalAssessmentAPI.csproj", "{72C593D7-54A3-4210-8142-E15A033BEB32}"
EndProject
Global
	GlobalSection(SolutionConfigurationPlatforms) = preSolution
		Debug|Any CPU = Debug|Any CPU
		Release|Any CPU = Release|Any CPU
	EndGlobalSection
	GlobalSection(ProjectConfigurationPlatforms) = postSolution
		{767A838E-3DA6-416A-9057-893FBC030ED4}.Debug|Any CPU.ActiveCfg = Debug|Any CPU
		{767A838E-3DA6-416A-9057-893FBC030ED4}.Debug|Any CPU.Build.0 = Debug|Any CPU
		{767A838E-3DA6-416A-9057-893FBC030ED4}.Release|Any CPU.ActiveCfg = Release|Any CPU
		{767A838E-3DA6-416A-9057-893FBC030ED4}.Release|Any CPU.Build.0 = Release|Any CPU
		{72C593D7-54A3-4210-8142-E15A033BEB32}.Debug|Any CPU.ActiveCfg = Debug|Any CPU
		{72C593D7-54A3-4210-8142-E15A033BEB32}.Debug|Any CPU.Build.0 = Debug|Any CPU
		{72C593D7-54A3-4210-8142-E15A033BEB32}.Release|Any CPU.ActiveCfg = Release|Any CPU
		{72C593D7-54A3-4210-8142-E15A033BEB32}.Release|Any CPU.Build.0 = Release|Any CPU
	EndGlobalSection
	GlobalSection(SolutionProperties) = preSolution
		HideSolutionNode = FALSE
	EndGlobalSection
	GlobalSection(ExtensibilityGlobals) = postSolution
		SolutionGuid = {F0C4B8A0-D5B1-4782-B35F-C7E0D2A3D29F}
	EndGlobalSection
EndGlobal
